
Microsoft Visual Studio Solution File, Format Version 12.00
# Visual Studio Version 16
VisualStudioVersion = 16.0.29613.14
MinimumVisualStudioVersion = 10.0.40219.1
Project("{8BC9CEB8-8B4A-11D0-8D11-00A0C91BC942}") = "MFCLuaDll", "MFCLuaDll.vcxproj", "{3B7C7A82-DCF7-4BEA-8100-EBF7603A01AD}"
	ProjectSection(ProjectDependencies) = postProject
		{6E4E21DB-2F08-4ED5-8ACD-4FA4E086C5CB} = {6E4E21DB-2F08-4ED5-8ACD-4FA4E086C5CB}
		{48522EEF-8AA8-4C1B-85B8-71B01889766C} = {48522EEF-8AA8-4C1B-85B8-71B01889766C}
	EndProjectSection
EndProject
Project("{8BC9CEB8-8B4A-11D0-8D11-00A0C91BC942}") = "gta", "LuaGta2Module\Dll1.vcxproj", "{48522EEF-8AA8-4C1B-85B8-71B01889766C}"
	ProjectSection(ProjectDependencies) = postProject
		{12C28F03-DE7A-4FCA-A035-158B3AA11A08} = {12C28F03-DE7A-4FCA-A035-158B3AA11A08}
		{F96DA24C-0A76-4A2E-B495-16680A55EC20} = {F96DA24C-0A76-4A2E-B495-16680A55EC20}
		{42E42D5A-CF49-45DA-8419-FEF21934C155} = {42E42D5A-CF49-45DA-8419-FEF21934C155}
		{6E4E21DB-2F08-4ED5-8ACD-4FA4E086C5CB} = {6E4E21DB-2F08-4ED5-8ACD-4FA4E086C5CB}
	EndProjectSection
EndProject
Project("{8BC9CEB8-8B4A-11D0-8D11-00A0C91BC942}") = "lua-5.3.5", "..\lua-5.3.5\lua-5.3.5.vcxproj", "{6E4E21DB-2F08-4ED5-8ACD-4FA4E086C5CB}"
EndProject
Project("{8BC9CEB8-8B4A-11D0-8D11-00A0C91BC942}") = "luac", "..\luac\luac.vcxproj", "{42E42D5A-CF49-45DA-8419-FEF21934C155}"
	ProjectSection(ProjectDependencies) = postProject
		{6E4E21DB-2F08-4ED5-8ACD-4FA4E086C5CB} = {6E4E21DB-2F08-4ED5-8ACD-4FA4E086C5CB}
	EndProjectSection
EndProject
Project("{8BC9CEB8-8B4A-11D0-8D11-00A0C91BC942}") = "lua", "..\lua\lua.vcxproj", "{12C28F03-DE7A-4FCA-A035-158B3AA11A08}"
	ProjectSection(ProjectDependencies) = postProject
		{6E4E21DB-2F08-4ED5-8ACD-4FA4E086C5CB} = {6E4E21DB-2F08-4ED5-8ACD-4FA4E086C5CB}
	EndProjectSection
EndProject
Project("{8BC9CEB8-8B4A-11D0-8D11-00A0C91BC942}") = "ffi", "..\ffi\ffi.vcxproj", "{F96DA24C-0A76-4A2E-B495-16680A55EC20}"
	ProjectSection(ProjectDependencies) = postProject
		{6E4E21DB-2F08-4ED5-8ACD-4FA4E086C5CB} = {6E4E21DB-2F08-4ED5-8ACD-4FA4E086C5CB}
	EndProjectSection
EndProject
Global
	GlobalSection(SolutionConfigurationPlatforms) = preSolution
		Debug|x64 = Debug|x64
		Debug|x86 = Debug|x86
		Release|x64 = Release|x64
		Release|x86 = Release|x86
	EndGlobalSection
	GlobalSection(ProjectConfigurationPlatforms) = postSolution
		{3B7C7A82-DCF7-4BEA-8100-EBF7603A01AD}.Debug|x64.ActiveCfg = Debug|x64
		{3B7C7A82-DCF7-4BEA-8100-EBF7603A01AD}.Debug|x64.Build.0 = Debug|x64
		{3B7C7A82-DCF7-4BEA-8100-EBF7603A01AD}.Debug|x86.ActiveCfg = Debug|Win32
		{3B7C7A82-DCF7-4BEA-8100-EBF7603A01AD}.Debug|x86.Build.0 = Debug|Win32
		{3B7C7A82-DCF7-4BEA-8100-EBF7603A01AD}.Release|x64.ActiveCfg = Release|x64
		{3B7C7A82-DCF7-4BEA-8100-EBF7603A01AD}.Release|x64.Build.0 = Release|x64
		{3B7C7A82-DCF7-4BEA-8100-EBF7603A01AD}.Release|x86.ActiveCfg = Release|Win32
		{3B7C7A82-DCF7-4BEA-8100-EBF7603A01AD}.Release|x86.Build.0 = Release|Win32
		{48522EEF-8AA8-4C1B-85B8-71B01889766C}.Debug|x64.ActiveCfg = Debug|x64
		{48522EEF-8AA8-4C1B-85B8-71B01889766C}.Debug|x64.Build.0 = Debug|x64
		{48522EEF-8AA8-4C1B-85B8-71B01889766C}.Debug|x86.ActiveCfg = Debug|Win32
		{48522EEF-8AA8-4C1B-85B8-71B01889766C}.Debug|x86.Build.0 = Debug|Win32
		{48522EEF-8AA8-4C1B-85B8-71B01889766C}.Release|x64.ActiveCfg = Release|x64
		{48522EEF-8AA8-4C1B-85B8-71B01889766C}.Release|x64.Build.0 = Release|x64
		{48522EEF-8AA8-4C1B-85B8-71B01889766C}.Release|x86.ActiveCfg = Release|Win32
		{48522EEF-8AA8-4C1B-85B8-71B01889766C}.Release|x86.Build.0 = Release|Win32
		{6E4E21DB-2F08-4ED5-8ACD-4FA4E086C5CB}.Debug|x64.ActiveCfg = Debug|x64
		{6E4E21DB-2F08-4ED5-8ACD-4FA4E086C5CB}.Debug|x64.Build.0 = Debug|x64
		{6E4E21DB-2F08-4ED5-8ACD-4FA4E086C5CB}.Debug|x86.ActiveCfg = Debug|Win32
		{6E4E21DB-2F08-4ED5-8ACD-4FA4E086C5CB}.Debug|x86.Build.0 = Debug|Win32
		{6E4E21DB-2F08-4ED5-8ACD-4FA4E086C5CB}.Release|x64.ActiveCfg = Release|x64
		{6E4E21DB-2F08-4ED5-8ACD-4FA4E086C5CB}.Release|x64.Build.0 = Release|x64
		{6E4E21DB-2F08-4ED5-8ACD-4FA4E086C5CB}.Release|x86.ActiveCfg = Release|Win32
		{6E4E21DB-2F08-4ED5-8ACD-4FA4E086C5CB}.Release|x86.Build.0 = Release|Win32
		{42E42D5A-CF49-45DA-8419-FEF21934C155}.Debug|x64.ActiveCfg = Debug|x64
		{42E42D5A-CF49-45DA-8419-FEF21934C155}.Debug|x64.Build.0 = Debug|x64
		{42E42D5A-CF49-45DA-8419-FEF21934C155}.Debug|x86.ActiveCfg = Debug|Win32
		{42E42D5A-CF49-45DA-8419-FEF21934C155}.Debug|x86.Build.0 = Debug|Win32
		{42E42D5A-CF49-45DA-8419-FEF21934C155}.Release|x64.ActiveCfg = Release|x64
		{42E42D5A-CF49-45DA-8419-FEF21934C155}.Release|x64.Build.0 = Release|x64
		{42E42D5A-CF49-45DA-8419-FEF21934C155}.Release|x86.ActiveCfg = Release|Win32
		{42E42D5A-CF49-45DA-8419-FEF21934C155}.Release|x86.Build.0 = Release|Win32
		{12C28F03-DE7A-4FCA-A035-158B3AA11A08}.Debug|x64.ActiveCfg = Debug|x64
		{12C28F03-DE7A-4FCA-A035-158B3AA11A08}.Debug|x64.Build.0 = Debug|x64
		{12C28F03-DE7A-4FCA-A035-158B3AA11A08}.Debug|x86.ActiveCfg = Debug|Win32
		{12C28F03-DE7A-4FCA-A035-158B3AA11A08}.Debug|x86.Build.0 = Debug|Win32
		{12C28F03-DE7A-4FCA-A035-158B3AA11A08}.Release|x64.ActiveCfg = Release|x64
		{12C28F03-DE7A-4FCA-A035-158B3AA11A08}.Release|x64.Build.0 = Release|x64
		{12C28F03-DE7A-4FCA-A035-158B3AA11A08}.Release|x86.ActiveCfg = Release|Win32
		{12C28F03-DE7A-4FCA-A035-158B3AA11A08}.Release|x86.Build.0 = Release|Win32
		{F96DA24C-0A76-4A2E-B495-16680A55EC20}.Debug|x64.ActiveCfg = Debug|x64
		{F96DA24C-0A76-4A2E-B495-16680A55EC20}.Debug|x64.Build.0 = Debug|x64
		{F96DA24C-0A76-4A2E-B495-16680A55EC20}.Debug|x86.ActiveCfg = Debug|Win32
		{F96DA24C-0A76-4A2E-B495-16680A55EC20}.Debug|x86.Build.0 = Debug|Win32
		{F96DA24C-0A76-4A2E-B495-16680A55EC20}.Release|x64.ActiveCfg = Release|x64
		{F96DA24C-0A76-4A2E-B495-16680A55EC20}.Release|x64.Build.0 = Release|x64
		{F96DA24C-0A76-4A2E-B495-16680A55EC20}.Release|x86.ActiveCfg = Release|Win32
		{F96DA24C-0A76-4A2E-B495-16680A55EC20}.Release|x86.Build.0 = Release|Win32
	EndGlobalSection
	GlobalSection(SolutionProperties) = preSolution
		HideSolutionNode = FALSE
	EndGlobalSection
	GlobalSection(ExtensibilityGlobals) = postSolution
		SolutionGuid = {006ECCE3-EA71-4538-90F7-A78526B0E7BB}
	EndGlobalSection
EndGlobal
